# This file is automatically @generated by Poetry 1.8.3 and should not be changed by hand.

[[package]]
name = "cffi"
version = "1.16.0"
description = "Foreign Function Interface for Python calling C code."
optional = false
python-versions = ">=3.8"
files = [
    {file = "cffi-1.16.0-cp310-cp310-macosx_10_9_x86_64.whl", hash = "sha256:6b3d6606d369fc1da4fd8c357d026317fbb9c9b75d36dc16e90e84c26854b088"},
    {file = "cffi-1.16.0-cp310-cp310-macosx_11_0_arm64.whl", hash = "sha256:ac0f5edd2360eea2f1daa9e26a41db02dd4b0451b48f7c318e217ee092a213e9"},
    {file = "cffi-1.16.0-cp310-cp310-manylinux_2_12_i686.manylinux2010_i686.manylinux_2_17_i686.manylinux2014_i686.whl", hash = "sha256:7e61e3e4fa664a8588aa25c883eab612a188c725755afff6289454d6362b9673"},
    {file = "cffi-1.16.0-cp310-cp310-manylinux_2_17_aarch64.manylinux2014_aarch64.whl", hash = "sha256:a72e8961a86d19bdb45851d8f1f08b041ea37d2bd8d4fd19903bc3083d80c896"},
    {file = "cffi-1.16.0-cp310-cp310-manylinux_2_17_ppc64le.manylinux2014_ppc64le.whl", hash = "sha256:5b50bf3f55561dac5438f8e70bfcdfd74543fd60df5fa5f62d94e5867deca684"},
    {file = "cffi-1.16.0-cp310-cp310-manylinux_2_17_s390x.manylinux2014_s390x.whl", hash = "sha256:7651c50c8c5ef7bdb41108b7b8c5a83013bfaa8a935590c5d74627c047a583c7"},
    {file = "cffi-1.16.0-cp310-cp310-manylinux_2_17_x86_64.manylinux2014_x86_64.whl", hash = "sha256:e4108df7fe9b707191e55f33efbcb2d81928e10cea45527879a4749cbe472614"},
    {file = "cffi-1.16.0-cp310-cp310-musllinux_1_1_i686.whl", hash = "sha256:32c68ef735dbe5857c810328cb2481e24722a59a2003018885514d4c09af9743"},
    {file = "cffi-1.16.0-cp310-cp310-musllinux_1_1_x86_64.whl", hash = "sha256:673739cb539f8cdaa07d92d02efa93c9ccf87e345b9a0b556e3ecc666718468d"},
    {file = "cffi-1.16.0-cp310-cp310-win32.whl", hash = "sha256:9f90389693731ff1f659e55c7d1640e2ec43ff725cc61b04b2f9c6d8d017df6a"},
    {file = "cffi-1.16.0-cp310-cp310-win_amd64.whl", hash = "sha256:e6024675e67af929088fda399b2094574609396b1decb609c55fa58b028a32a1"},
    {file = "cffi-1.16.0-cp311-cp311-macosx_10_9_x86_64.whl", hash = "sha256:b84834d0cf97e7d27dd5b7f3aca7b6e9263c56308ab9dc8aae9784abb774d404"},
    {file = "cffi-1.16.0-cp311-cp311-macosx_11_0_arm64.whl", hash = "sha256:1b8ebc27c014c59692bb2664c7d13ce7a6e9a629be20e54e7271fa696ff2b417"},
    {file = "cffi-1.16.0-cp311-cp311-manylinux_2_12_i686.manylinux2010_i686.manylinux_2_17_i686.manylinux2014_i686.whl", hash = "sha256:ee07e47c12890ef248766a6e55bd38ebfb2bb8edd4142d56db91b21ea68b7627"},
    {file = "cffi-1.16.0-cp311-cp311-manylinux_2_17_aarch64.manylinux2014_aarch64.whl", hash = "sha256:d8a9d3ebe49f084ad71f9269834ceccbf398253c9fac910c4fd7053ff1386936"},
    {file = "cffi-1.16.0-cp311-cp311-manylinux_2_17_ppc64le.manylinux2014_ppc64le.whl", hash = "sha256:e70f54f1796669ef691ca07d046cd81a29cb4deb1e5f942003f401c0c4a2695d"},
    {file = "cffi-1.16.0-cp311-cp311-manylinux_2_17_s390x.manylinux2014_s390x.whl", hash = "sha256:5bf44d66cdf9e893637896c7faa22298baebcd18d1ddb6d2626a6e39793a1d56"},
    {file = "cffi-1.16.0-cp311-cp311-manylinux_2_17_x86_64.manylinux2014_x86_64.whl", hash = "sha256:7b78010e7b97fef4bee1e896df8a4bbb6712b7f05b7ef630f9d1da00f6444d2e"},
    {file = "cffi-1.16.0-cp311-cp311-musllinux_1_1_i686.whl", hash = "sha256:c6a164aa47843fb1b01e941d385aab7215563bb8816d80ff3a363a9f8448a8dc"},
    {file = "cffi-1.16.0-cp311-cp311-musllinux_1_1_x86_64.whl", hash = "sha256:e09f3ff613345df5e8c3667da1d918f9149bd623cd9070c983c013792a9a62eb"},
    {file = "cffi-1.16.0-cp311-cp311-win32.whl", hash = "sha256:2c56b361916f390cd758a57f2e16233eb4f64bcbeee88a4881ea90fca14dc6ab"},
    {file = "cffi-1.16.0-cp311-cp311-win_amd64.whl", hash = "sha256:db8e577c19c0fda0beb7e0d4e09e0ba74b1e4c092e0e40bfa12fe05b6f6d75ba"},
    {file = "cffi-1.16.0-cp312-cp312-macosx_10_9_x86_64.whl", hash = "sha256:fa3a0128b152627161ce47201262d3140edb5a5c3da88d73a1b790a959126956"},
    {file = "cffi-1.16.0-cp312-cp312-macosx_11_0_arm64.whl", hash = "sha256:68e7c44931cc171c54ccb702482e9fc723192e88d25a0e133edd7aff8fcd1f6e"},
    {file = "cffi-1.16.0-cp312-cp312-manylinux_2_12_i686.manylinux2010_i686.manylinux_2_17_i686.manylinux2014_i686.whl", hash = "sha256:abd808f9c129ba2beda4cfc53bde801e5bcf9d6e0f22f095e45327c038bfe68e"},
    {file = "cffi-1.16.0-cp312-cp312-manylinux_2_17_aarch64.manylinux2014_aarch64.whl", hash = "sha256:88e2b3c14bdb32e440be531ade29d3c50a1a59cd4e51b1dd8b0865c54ea5d2e2"},
    {file = "cffi-1.16.0-cp312-cp312-manylinux_2_17_ppc64le.manylinux2014_ppc64le.whl", hash = "sha256:fcc8eb6d5902bb1cf6dc4f187ee3ea80a1eba0a89aba40a5cb20a5087d961357"},
    {file = "cffi-1.16.0-cp312-cp312-manylinux_2_17_s390x.manylinux2014_s390x.whl", hash = "sha256:b7be2d771cdba2942e13215c4e340bfd76398e9227ad10402a8767ab1865d2e6"},
    {file = "cffi-1.16.0-cp312-cp312-manylinux_2_17_x86_64.manylinux2014_x86_64.whl", hash = "sha256:e715596e683d2ce000574bae5d07bd522c781a822866c20495e52520564f0969"},
    {file = "cffi-1.16.0-cp312-cp312-musllinux_1_1_x86_64.whl", hash = "sha256:2d92b25dbf6cae33f65005baf472d2c245c050b1ce709cc4588cdcdd5495b520"},
    {file = "cffi-1.16.0-cp312-cp312-win32.whl", hash = "sha256:b2ca4e77f9f47c55c194982e10f058db063937845bb2b7a86c84a6cfe0aefa8b"},
    {file = "cffi-1.16.0-cp312-cp312-win_amd64.whl", hash = "sha256:68678abf380b42ce21a5f2abde8efee05c114c2fdb2e9eef2efdb0257fba1235"},
    {file = "cffi-1.16.0-cp38-cp38-macosx_10_9_x86_64.whl", hash = "sha256:0c9ef6ff37e974b73c25eecc13952c55bceed9112be2d9d938ded8e856138bcc"},
    {file = "cffi-1.16.0-cp38-cp38-manylinux_2_12_i686.manylinux2010_i686.manylinux_2_17_i686.manylinux2014_i686.whl", hash = "sha256:a09582f178759ee8128d9270cd1344154fd473bb77d94ce0aeb2a93ebf0feaf0"},
    {file = "cffi-1.16.0-cp38-cp38-manylinux_2_17_aarch64.manylinux2014_aarch64.whl", hash = "sha256:e760191dd42581e023a68b758769e2da259b5d52e3103c6060ddc02c9edb8d7b"},
    {file = "cffi-1.16.0-cp38-cp38-manylinux_2_17_ppc64le.manylinux2014_ppc64le.whl", hash = "sha256:80876338e19c951fdfed6198e70bc88f1c9758b94578d5a7c4c91a87af3cf31c"},
    {file = "cffi-1.16.0-cp38-cp38-manylinux_2_17_s390x.manylinux2014_s390x.whl", hash = "sha256:a6a14b17d7e17fa0d207ac08642c8820f84f25ce17a442fd15e27ea18d67c59b"},
    {file = "cffi-1.16.0-cp38-cp38-manylinux_2_17_x86_64.manylinux2014_x86_64.whl", hash = "sha256:6602bc8dc6f3a9e02b6c22c4fc1e47aa50f8f8e6d3f78a5e16ac33ef5fefa324"},
    {file = "cffi-1.16.0-cp38-cp38-win32.whl", hash = "sha256:131fd094d1065b19540c3d72594260f118b231090295d8c34e19a7bbcf2e860a"},
    {file = "cffi-1.16.0-cp38-cp38-win_amd64.whl", hash = "sha256:31d13b0f99e0836b7ff893d37af07366ebc90b678b6664c955b54561fc36ef36"},
    {file = "cffi-1.16.0-cp39-cp39-macosx_10_9_x86_64.whl", hash = "sha256:582215a0e9adbe0e379761260553ba11c58943e4bbe9c36430c4ca6ac74b15ed"},
    {file = "cffi-1.16.0-cp39-cp39-macosx_11_0_arm64.whl", hash = "sha256:b29ebffcf550f9da55bec9e02ad430c992a87e5f512cd63388abb76f1036d8d2"},
    {file = "cffi-1.16.0-cp39-cp39-manylinux_2_12_i686.manylinux2010_i686.manylinux_2_17_i686.manylinux2014_i686.whl", hash = "sha256:dc9b18bf40cc75f66f40a7379f6a9513244fe33c0e8aa72e2d56b0196a7ef872"},
    {file = "cffi-1.16.0-cp39-cp39-manylinux_2_17_aarch64.manylinux2014_aarch64.whl", hash = "sha256:9cb4a35b3642fc5c005a6755a5d17c6c8b6bcb6981baf81cea8bfbc8903e8ba8"},
    {file = "cffi-1.16.0-cp39-cp39-manylinux_2_17_ppc64le.manylinux2014_ppc64le.whl", hash = "sha256:b86851a328eedc692acf81fb05444bdf1891747c25af7529e39ddafaf68a4f3f"},
    {file = "cffi-1.16.0-cp39-cp39-manylinux_2_17_s390x.manylinux2014_s390x.whl", hash = "sha256:c0f31130ebc2d37cdd8e44605fb5fa7ad59049298b3f745c74fa74c62fbfcfc4"},
    {file = "cffi-1.16.0-cp39-cp39-manylinux_2_17_x86_64.manylinux2014_x86_64.whl", hash = "sha256:8f8e709127c6c77446a8c0a8c8bf3c8ee706a06cd44b1e827c3e6a2ee6b8c098"},
    {file = "cffi-1.16.0-cp39-cp39-musllinux_1_1_i686.whl", hash = "sha256:748dcd1e3d3d7cd5443ef03ce8685043294ad6bd7c02a38d1bd367cfd968e000"},
    {file = "cffi-1.16.0-cp39-cp39-musllinux_1_1_x86_64.whl", hash = "sha256:8895613bcc094d4a1b2dbe179d88d7fb4a15cee43c052e8885783fac397d91fe"},
    {file = "cffi-1.16.0-cp39-cp39-win32.whl", hash = "sha256:ed86a35631f7bfbb28e108dd96773b9d5a6ce4811cf6ea468bb6a359b256b1e4"},
    {file = "cffi-1.16.0-cp39-cp39-win_amd64.whl", hash = "sha256:3686dffb02459559c74dd3d81748269ffb0eb027c39a6fc99502de37d501faa8"},
    {file = "cffi-1.16.0.tar.gz", hash = "sha256:bcb3ef43e58665bbda2fb198698fcae6776483e0c4a631aa5647806c25e02cc0"},
]

[package.dependencies]
pycparser = "*"

[[package]]
name = "pycparser"
version = "2.22"
description = "C parser in Python"
optional = false
python-versions = ">=3.8"
files = [
    {file = "pycparser-2.22-py3-none-any.whl", hash = "sha256:c3702b6d3dd8c7abc1afa565d7e63d53a1d0bd86cdc24edd75470f4de499cfcc"},
    {file = "pycparser-2.22.tar.gz", hash = "sha256:491c8be9c040f5390f5bf44a5b07752bd07f56edf992381b05c701439eec10f6"},
]

[[package]]
name = "raylib"
version = "5.0.0.2"
description = "Python CFFI bindings for Raylib"
optional = false
python-versions = "*"
files = [
    {file = "raylib-5.0.0.2-cp310-cp310-macosx_10_15_x86_64.whl", hash = "sha256:3fd82cc173500c2333f0816ab9dd992ed09ccef766ff456820a42be944c58c89"},
    {file = "raylib-5.0.0.2-cp310-cp310-macosx_13_0_arm64.whl", hash = "sha256:3382073ab0714b215ddd242a371fc02cf13e963dc1df28760428950214f0ef58"},
    {file = "raylib-5.0.0.2-cp310-cp310-macosx_14_0_arm64.whl", hash = "sha256:61a3e5eb3f4e8368dc33cde88c5558628ad82148c7e270891746cbb3fce669d7"},
    {file = "raylib-5.0.0.2-cp310-cp310-manylinux2014_aarch64.whl", hash = "sha256:91cf235fa560efa568383f7c595ad0a2d14400046880a32f1285bc5ffeb232e5"},
    {file = "raylib-5.0.0.2-cp310-cp310-manylinux2014_x86_64.whl", hash = "sha256:e7d295ba8ba2add6e58d31f630448b8e57090243e9a337b280ea2845789fab4d"},
    {file = "raylib-5.0.0.2-cp310-cp310-win_amd64.whl", hash = "sha256:fd76b21f28562a7c9769ce69aeef38951b7331c3da9ad1395feba20e3e6526e7"},
    {file = "raylib-5.0.0.2-cp311-cp311-macosx_10_15_x86_64.whl", hash = "sha256:dd8a4839c9ee16bb937ad403900488c5d270a0432f094febaf610c67a3317d58"},
    {file = "raylib-5.0.0.2-cp311-cp311-macosx_13_0_arm64.whl", hash = "sha256:a592b05dd9055fe38f9e5f9bcbb1c80c259034c6667065094e86f0781ff666e9"},
    {file = "raylib-5.0.0.2-cp311-cp311-macosx_14_0_arm64.whl", hash = "sha256:83212a80b4321c85a8c90db1b8efdbdb58347797ee1e305f6e71335f4a8e9d14"},
    {file = "raylib-5.0.0.2-cp311-cp311-manylinux2014_aarch64.whl", hash = "sha256:efc236115001d7e01dc26710b65020dc667a2b378120d50dca48e1a0b8af4e36"},
    {file = "raylib-5.0.0.2-cp311-cp311-manylinux2014_x86_64.whl", hash = "sha256:d1c4dad1abcb7142afed196479a7b7fdfba7f7e9708bcf254ed5ba5a4166ac6c"},
    {file = "raylib-5.0.0.2-cp311-cp311-win_amd64.whl", hash = "sha256:831d0f9959073bca51cdefa353115a08809a931c1c9ee753cddad8cfac31d179"},
    {file = "raylib-5.0.0.2-cp312-cp312-macosx_10_15_x86_64.whl", hash = "sha256:bf90a0b2a9241a79db923177d78dc122d2fdd5d48dbb8c053fcecb7cce1657dd"},
    {file = "raylib-5.0.0.2-cp312-cp312-macosx_13_0_arm64.whl", hash = "sha256:6d1fa2382a2142a89722b0f9703b103742124c3e9c374fd1236c7e2f42858551"},
    {file = "raylib-5.0.0.2-cp312-cp312-macosx_14_0_arm64.whl", hash = "sha256:1d203339b2386f4cad0ae3f56479518e5499ffeff9f5ac0825c9b07928d69ca2"},
    {file = "raylib-5.0.0.2-cp312-cp312-manylinux2014_aarch64.whl", hash = "sha256:fff8dfcf4ca39599f8bf88d6e923e3f5bbe79447c2e6cc842acf5dd2b6e26003"},
    {file = "raylib-5.0.0.2-cp312-cp312-manylinux2014_x86_64.whl", hash = "sha256:3611cd7764af636ce5809f3e578cec2229c8d22a1ebcd603cf9224d409e986bf"},
    {file = "raylib-5.0.0.2-cp312-cp312-win_amd64.whl", hash = "sha256:9bb06e35158a1adffd25d723af9cd7626de10f8b6915389d7f2031740695cd56"},
    {file = "raylib-5.0.0.2-cp37-cp37m-macosx_10_15_x86_64.whl", hash = "sha256:90aec2e76ab92c1e0144bd9f0b22d1092e1ee74d24999f159fe83782106c2f40"},
    {file = "raylib-5.0.0.2-cp37-cp37m-manylinux2014_x86_64.whl", hash = "sha256:a15d105a5d21df873dfafc99addc7011feb42bc931042ac9ab4924191896f063"},
    {file = "raylib-5.0.0.2-cp37-cp37m-win_amd64.whl", hash = "sha256:d3ca087f8fd8750a8293926f191c4059318032588bfc15929587c7c13100e0ee"},
    {file = "raylib-5.0.0.2-cp38-cp38-macosx_10_15_x86_64.whl", hash = "sha256:d10431a000781394aa50843db59f6f27090e4d0f4da0f1bd9689a65d3b32b7fd"},
    {file = "raylib-5.0.0.2-cp38-cp38-manylinux2014_x86_64.whl", hash = "sha256:7334e31363c92004f5cbb8227311c4b5a164ef2014e72ccf9d6549f1ec85b137"},
    {file = "raylib-5.0.0.2-cp38-cp38-win_amd64.whl", hash = "sha256:563e77b875d9fd52b746c6e967ed0b8ae75ef84186c7f4dee5beb40f313c54b6"},
    {file = "raylib-5.0.0.2-cp39-cp39-macosx_10_15_x86_64.whl", hash = "sha256:217869fa5005deee3cd1d5f60e23afca7c53e79718f73b3bda20f12fb3ac98c5"},
    {file = "raylib-5.0.0.2-cp39-cp39-macosx_13_0_arm64.whl", hash = "sha256:113a4b143954abb669450f649e61d5908e9bbcb666be75dba870568762cdfb3e"},
    {file = "raylib-5.0.0.2-cp39-cp39-macosx_14_0_arm64.whl", hash = "sha256:c65d8c0833e669f39adc3fcebe903bebe54c4ab6a5da4d967fb7f76b33ca87a4"},
    {file = "raylib-5.0.0.2-cp39-cp39-manylinux2014_aarch64.whl", hash = "sha256:dacd959685ddb03e1bc584de630b1590db16daffa3af9ac7a63d5bb4d37e677e"},
    {file = "raylib-5.0.0.2-cp39-cp39-manylinux2014_x86_64.whl", hash = "sha256:4c1dbf33524eade8784a098d8797e0b25dd2c7dfc32de03d5d464019e15131c5"},
    {file = "raylib-5.0.0.2-cp39-cp39-win_amd64.whl", hash = "sha256:2a6700516f8d78d585818eb7ef0a484ac10196ec22e2f07dfd097f92690bb6e1"},
    {file = "raylib-5.0.0.2-pp310-pypy310_pp73-macosx_10_15_x86_64.whl", hash = "sha256:c5ad7123c08b6ca3e5db944cc582e68f8b1369c266f8a1a90380e83a69672c11"},
    {file = "raylib-5.0.0.2-pp310-pypy310_pp73-manylinux2014_x86_64.whl", hash = "sha256:bcf0fd24c59207be1372d1ea046a4a694e56c9335ae9de6d1bf79774437e24fc"},
    {file = "raylib-5.0.0.2-pp310-pypy310_pp73-win_amd64.whl", hash = "sha256:c8e9c80716bdb8837138ac395aed073293c250db36e2318be759a933911fe462"},
    {file = "raylib-5.0.0.2-pp37-pypy37_pp73-macosx_10_15_x86_64.whl", hash = "sha256:5d920745ee0be35bbdbd3d8a6c0e13c63c131dc592da5307205fa51003c3b63b"},
    {file = "raylib-5.0.0.2-pp37-pypy37_pp73-manylinux2014_x86_64.whl", hash = "sha256:865bd08f046fa591b9ed3a5beccc1f942676f6307b60c5e79d5c00abf7b6a3ae"},
    {file = "raylib-5.0.0.2-pp37-pypy37_pp73-win_amd64.whl", hash = "sha256:1b4d9856946517e458ec836d4a2e3b2145f3845e49cda05133601f293f06b822"},
    {file = "raylib-5.0.0.2-pp38-pypy38_pp73-macosx_10_15_x86_64.whl", hash = "sha256:ba242db2a1ef6b0d2a6e368fdeb2d14b95cbf4353e46610f33b8aa4a3f9f6810"},
    {file = "raylib-5.0.0.2-pp38-pypy38_pp73-manylinux2014_x86_64.whl", hash = "sha256:1e36e246263e2764fccb523c7306fd839598a5a9b13ccf5d4ddd6732ca0d096e"},
    {file = "raylib-5.0.0.2-pp38-pypy38_pp73-win_amd64.whl", hash = "sha256:9a860d84d8fce0eb07e5f0368183c315de2bfc957a24ef058489e05151c6fefd"},
    {file = "raylib-5.0.0.2-pp39-pypy39_pp73-macosx_10_15_x86_64.whl", hash = "sha256:b3d35c53b2a057e16af385dcf717816cd7a61c72078f30c6a17df52d33909f0f"},
    {file = "raylib-5.0.0.2-pp39-pypy39_pp73-manylinux2014_x86_64.whl", hash = "sha256:fbc82e6e5d293c3218b59aa1c04fb03d2d357c9c3dbf53ef2c80a2afe7bc2ac6"},
    {file = "raylib-5.0.0.2-pp39-pypy39_pp73-win_amd64.whl", hash = "sha256:6f638cf3eb1f090a3285acb4b6c00336a699556bbb534171a2cd831e584ad7a9"},
    {file = "raylib-5.0.0.2.tar.gz", hash = "sha256:0c9f8aa2e14a20f2a96b0ccdb8f03a5c48abb084278650dc85ec9f67e4bcfebc"},
]

[package.dependencies]
cffi = ">=1.14.6"

[metadata]
lock-version = "2.0"
python-versions = "^3.11"
content-hash = "bbfde5d12f9f1e24b2efdbfe384786187e10d241fd0f767caef8dcdd080f35f3"
